
Microsoft Visual Studio Solution File, Format Version 12.00
# Visual Studio Version 16
VisualStudioVersion = 16.0.29920.165
MinimumVisualStudioVersion = 10.0.40219.1
Project("{FAE04EC0-301F-11D3-BF4B-00C04F79EFBC}") = "ToDoForm", "ToDoForm\ToDoForm.csproj", "{E3BBBF2E-4E6A-4B40-B10E-956711F33F2B}"
EndProject
Project("{FAE04EC0-301F-11D3-BF4B-00C04F79EFBC}") = "TaskProject", "TaskProject\TaskProject.csproj", "{4170706F-A541-45E7-B171-713853A85A9D}"
EndProject
Global
	GlobalSection(SolutionConfigurationPlatforms) = preSolution
		Debug|Any CPU = Debug|Any CPU
		Release|Any CPU = Release|Any CPU
	EndGlobalSection
	GlobalSection(ProjectConfigurationPlatforms) = postSolution
		{E3BBBF2E-4E6A-4B40-B10E-956711F33F2B}.Debug|Any CPU.ActiveCfg = Debug|Any CPU
		{E3BBBF2E-4E6A-4B40-B10E-956711F33F2B}.Debug|Any CPU.Build.0 = Debug|Any CPU
		{E3BBBF2E-4E6A-4B40-B10E-956711F33F2B}.Release|Any CPU.ActiveCfg = Release|Any CPU
		{E3BBBF2E-4E6A-4B40-B10E-956711F33F2B}.Release|Any CPU.Build.0 = Release|Any CPU
		{4170706F-A541-45E7-B171-713853A85A9D}.Debug|Any CPU.ActiveCfg = Debug|Any CPU
		{4170706F-A541-45E7-B171-713853A85A9D}.Debug|Any CPU.Build.0 = Debug|Any CPU
		{4170706F-A541-45E7-B171-713853A85A9D}.Release|Any CPU.ActiveCfg = Release|Any CPU
		{4170706F-A541-45E7-B171-713853A85A9D}.Release|Any CPU.Build.0 = Release|Any CPU
	EndGlobalSection
	GlobalSection(SolutionProperties) = preSolution
		HideSolutionNode = FALSE
	EndGlobalSection
	GlobalSection(ExtensibilityGlobals) = postSolution
		SolutionGuid = {ABF01714-4D37-45FB-AACD-09F003945AD0}
	EndGlobalSection
EndGlobal
